
Microsoft Visual Studio Solution File, Format Version 12.00
# Visual Studio Version 16
VisualStudioVersion = 16.0.28922.388
MinimumVisualStudioVersion = 10.0.40219.1
Project("{FAE04EC0-301F-11D3-BF4B-00C04F79EFBC}") = "ServerToolsUI", "ServerToolsUI\ServerToolsUI.csproj", "{06A0B420-9D9F-4AC6-AFAE-75AEEE190379}"
EndProject
Project("{FAE04EC0-301F-11D3-BF4B-00C04F79EFBC}") = "ServerToolsIdrac", "ServerToolsIdrac\ServerToolsIdrac.csproj", "{724514FA-2A2D-4DEE-85C5-529175E5CFB4}"
EndProject
Global
	GlobalSection(SolutionConfigurationPlatforms) = preSolution
		Debug|Any CPU = Debug|Any CPU
		Release|Any CPU = Release|Any CPU
	EndGlobalSection
	GlobalSection(ProjectConfigurationPlatforms) = postSolution
		{06A0B420-9D9F-4AC6-AFAE-75AEEE190379}.Debug|Any CPU.ActiveCfg = Debug|Any CPU
		{06A0B420-9D9F-4AC6-AFAE-75AEEE190379}.Debug|Any CPU.Build.0 = Debug|Any CPU
		{06A0B420-9D9F-4AC6-AFAE-75AEEE190379}.Release|Any CPU.ActiveCfg = Release|Any CPU
		{06A0B420-9D9F-4AC6-AFAE-75AEEE190379}.Release|Any CPU.Build.0 = Release|Any CPU
		{724514FA-2A2D-4DEE-85C5-529175E5CFB4}.Debug|Any CPU.ActiveCfg = Debug|Any CPU
		{724514FA-2A2D-4DEE-85C5-529175E5CFB4}.Debug|Any CPU.Build.0 = Debug|Any CPU
		{724514FA-2A2D-4DEE-85C5-529175E5CFB4}.Release|Any CPU.ActiveCfg = Release|Any CPU
		{724514FA-2A2D-4DEE-85C5-529175E5CFB4}.Release|Any CPU.Build.0 = Release|Any CPU
	EndGlobalSection
	GlobalSection(SolutionProperties) = preSolution
		HideSolutionNode = FALSE
	EndGlobalSection
	GlobalSection(ExtensibilityGlobals) = postSolution
		SolutionGuid = {744D0AEF-4E42-494C-B639-5AC3D23D7693}
	EndGlobalSection
EndGlobal
